
Microsoft Visual Studio Solution File, Format Version 12.00
# Visual Studio Version 16
VisualStudioVersion = 16.0.33328.57
MinimumVisualStudioVersion = 10.0.40219.1
Project("{FAE04EC0-301F-11D3-BF4B-00C04F79EFBC}") = "hexley-safety", "hexley-safety\hexley-safety.csproj", "{6B9F830D-6B0E-4483-9F65-88BA9B4143CF}"
EndProject
Global
	GlobalSection(SolutionConfigurationPlatforms) = preSolution
		Debug|Any CPU = Debug|Any CPU
		Release|Any CPU = Release|Any CPU
	EndGlobalSection
	GlobalSection(ProjectConfigurationPlatforms) = postSolution
		{6B9F830D-6B0E-4483-9F65-88BA9B4143CF}.Debug|Any CPU.ActiveCfg = Debug|Any CPU
		{6B9F830D-6B0E-4483-9F65-88BA9B4143CF}.Debug|Any CPU.Build.0 = Debug|Any CPU
		{6B9F830D-6B0E-4483-9F65-88BA9B4143CF}.Release|Any CPU.ActiveCfg = Release|Any CPU
		{6B9F830D-6B0E-4483-9F65-88BA9B4143CF}.Release|Any CPU.Build.0 = Release|Any CPU
	EndGlobalSection
	GlobalSection(SolutionProperties) = preSolution
		HideSolutionNode = FALSE
	EndGlobalSection
	GlobalSection(ExtensibilityGlobals) = postSolution
		SolutionGuid = {EEBB9A25-DAB7-4EFD-94D6-30F83EB018C6}
	EndGlobalSection
EndGlobal
